{
  "object": {
    "pins": [
      {
        "package": "Abstract",
        "repositoryURL": "https://github.com/typelift/Abstract.git",
        "state": {
          "branch": null,
          "revision": "77f2902ff68f218daa8040251c148c328be82845",
          "version": "0.1.0"
        }
      },
      {
        "package": "Chalk",
        "repositoryURL": "https://github.com/mxcl/Chalk.git",
        "state": {
          "branch": null,
          "revision": "9aa9f348b86db3cf6702a3e43c081ecec80cf3c7",
          "version": "0.4.0"
        }
      },
      {
        "package": "FileCheck",
        "repositoryURL": "https://github.com/llvm-swift/FileCheck.git",
        "state": {
          "branch": null,
          "revision": "0dc8a5bff1a7f01e1d7bcc20c79e2127b2ea3eeb",
          "version": "0.2.5"
        }
      },
      {
        "package": "FunctionalKit",
        "repositoryURL": "https://github.com/facile-it/FunctionalKit.git",
        "state": {
          "branch": null,
          "revision": "e465a4727fd664bfb2191c719567dee8eb57effe",
          "version": "0.23.0"
        }
      },
      {
        "package": "Log",
        "repositoryURL": "https://gitlab.facile.it/mobile-apps/Log",
        "state": {
          "branch": null,
          "revision": "7acd50e41fb9189f19a8e1250eb6192b8eae3b31",
          "version": "0.5.0"
        }
      },
      {
        "package": "Operadics",
        "repositoryURL": "https://github.com/typelift/Operadics.git",
        "state": {
          "branch": null,
          "revision": "c2a14919b3653a39a9bf268c1ae0bf71ad6833fe",
          "version": "0.3.0"
        }
      },
      {
        "package": "RxSwift",
        "repositoryURL": "https://github.com/ReactiveX/RxSwift.git",
        "state": {
          "branch": null,
          "revision": "254617dd7fae0c45319ba5fbea435bf4d0e15b5d",
          "version": "5.1.2"
        }
      },
      {
        "package": "swift-argument-parser",
        "repositoryURL": "https://github.com/apple/swift-argument-parser",
        "state": {
          "branch": null,
          "revision": "831ed5e860a70e745bc1337830af4786b2576881",
          "version": "0.4.1"
        }
      },
      {
        "package": "SwiftCheck",
        "repositoryURL": "https://github.com/typelift/SwiftCheck.git",
        "state": {
          "branch": null,
          "revision": "077c096c3ddfc38db223ac8e525ad16ffb987138",
          "version": "0.12.0"
        }
      }
    ]
  },
  "version": 1
}
